
Microsoft Visual Studio Solution File, Format Version 12.00
# Visual Studio Version 16
VisualStudioVersion = 16.0.32002.261
MinimumVisualStudioVersion = 10.0.40219.1
Project("{FAE04EC0-301F-11D3-BF4B-00C04F79EFBC}") = "SQLProjektV2", "SQLProjektV2\SQLProjektV2.csproj", "{5037BF5B-C337-4AA6-B680-0C9AF012CA70}"
EndProject
Global
	GlobalSection(SolutionConfigurationPlatforms) = preSolution
		Debug|Any CPU = Debug|Any CPU
		Release|Any CPU = Release|Any CPU
	EndGlobalSection
	GlobalSection(ProjectConfigurationPlatforms) = postSolution
		{5037BF5B-C337-4AA6-B680-0C9AF012CA70}.Debug|Any CPU.ActiveCfg = Debug|Any CPU
		{5037BF5B-C337-4AA6-B680-0C9AF012CA70}.Debug|Any CPU.Build.0 = Debug|Any CPU
		{5037BF5B-C337-4AA6-B680-0C9AF012CA70}.Release|Any CPU.ActiveCfg = Release|Any CPU
		{5037BF5B-C337-4AA6-B680-0C9AF012CA70}.Release|Any CPU.Build.0 = Release|Any CPU
	EndGlobalSection
	GlobalSection(SolutionProperties) = preSolution
		HideSolutionNode = FALSE
	EndGlobalSection
	GlobalSection(ExtensibilityGlobals) = postSolution
		SolutionGuid = {13C2F50A-B1A5-4AE1-98D4-D161E6680B64}
	EndGlobalSection
EndGlobal
